// !$*UTF8*$!
{
	archiveVersion = 1;
	classes = {
	};
	objectVersion = 50;
	objects = {

/* Begin PBXBuildFile section */
		14046F4B20BFEF11000615D4 /* Assets.xcassets in Resources */ = {isa = PBXBuildFile; fileRef = 14046F4A20BFEF11000615D4 /* Assets.xcassets */; };
		14046F4E20BFEF11000615D4 /* LaunchScreen.storyboard in Resources */ = {isa = PBXBuildFile; fileRef = 14046F4C20BFEF11000615D4 /* LaunchScreen.storyboard */; };
		14046F5B20BFEF11000615D4 /* BuDeJieTests.m in Sources */ = {isa = PBXBuildFile; fileRef = 14046F5A20BFEF11000615D4 /* BuDeJieTests.m */; };
		14046F6620BFEF11000615D4 /* BuDeJieUITests.m in Sources */ = {isa = PBXBuildFile; fileRef = 14046F6520BFEF11000615D4 /* BuDeJieUITests.m */; };
		14046F8C20C00501000615D4 /* main.m in Sources */ = {isa = PBXBuildFile; fileRef = 14046F8A20C00501000615D4 /* main.m */; };
		14046F8D20C00501000615D4 /* AppDelegate.m in Sources */ = {isa = PBXBuildFile; fileRef = 14046F8B20C00501000615D4 /* AppDelegate.m */; };
		14046F9020C00958000615D4 /* EVAEssenceViewController.m in Sources */ = {isa = PBXBuildFile; fileRef = 14046F8F20C00958000615D4 /* EVAEssenceViewController.m */; };
		14046F9320C00965000615D4 /* EVANewViewController.m in Sources */ = {isa = PBXBuildFile; fileRef = 14046F9220C00965000615D4 /* EVANewViewController.m */; };
		14046F9620C00975000615D4 /* EVAFriendTrendViewController.m in Sources */ = {isa = PBXBuildFile; fileRef = 14046F9520C00975000615D4 /* EVAFriendTrendViewController.m */; };
		14046F9920C00985000615D4 /* EVAMeViewController.m in Sources */ = {isa = PBXBuildFile; fileRef = 14046F9820C00985000615D4 /* EVAMeViewController.m */; };
		14046F9C20C00998000615D4 /* EVAPublishViewController.m in Sources */ = {isa = PBXBuildFile; fileRef = 14046F9B20C00998000615D4 /* EVAPublishViewController.m */; };
		14046FA320C021A8000615D4 /* EVARootTabBarController.m in Sources */ = {isa = PBXBuildFile; fileRef = 14046FA220C021A8000615D4 /* EVARootTabBarController.m */; };
		147563A720C13D51002E72D6 /* EVARootTabBar.m in Sources */ = {isa = PBXBuildFile; fileRef = 147563A620C13D51002E72D6 /* EVARootTabBar.m */; };
		14F6A07520C2375500CC4284 /* UIView+EVA.m in Sources */ = {isa = PBXBuildFile; fileRef = 14F6A07120C2375500CC4284 /* UIView+EVA.m */; };
		14F6A07620C2375500CC4284 /* UIImage+EVA.m in Sources */ = {isa = PBXBuildFile; fileRef = 14F6A07220C2375500CC4284 /* UIImage+EVA.m */; };
		14F6A07920C237D000CC4284 /* EVAGlobalVar.m in Sources */ = {isa = PBXBuildFile; fileRef = 14F6A07820C237D000CC4284 /* EVAGlobalVar.m */; };
		14F6A07F20C268AF00CC4284 /* UIBarButtonItem+EVA.m in Sources */ = {isa = PBXBuildFile; fileRef = 14F6A07E20C268AF00CC4284 /* UIBarButtonItem+EVA.m */; };
/* End PBXBuildFile section */

/* Begin PBXContainerItemProxy section */
		14046F5720BFEF11000615D4 /* PBXContainerItemProxy */ = {
			isa = PBXContainerItemProxy;
			containerPortal = 14046F3620BFEF10000615D4 /* Project object */;
			proxyType = 1;
			remoteGlobalIDString = 14046F3D20BFEF10000615D4;
			remoteInfo = BuDeJie;
		};
		14046F6220BFEF11000615D4 /* PBXContainerItemProxy */ = {
			isa = PBXContainerItemProxy;
			containerPortal = 14046F3620BFEF10000615D4 /* Project object */;
			proxyType = 1;
			remoteGlobalIDString = 14046F3D20BFEF10000615D4;
			remoteInfo = BuDeJie;
		};
/* End PBXContainerItemProxy section */

/* Begin PBXFileReference section */
		14046F3E20BFEF10000615D4 /* BuDeJie.app */ = {isa = PBXFileReference; explicitFileType = wrapper.application; includeInIndex = 0; path = BuDeJie.app; sourceTree = BUILT_PRODUCTS_DIR; };
		14046F4A20BFEF11000615D4 /* Assets.xcassets */ = {isa = PBXFileReference; lastKnownFileType = folder.assetcatalog; path = Assets.xcassets; sourceTree = "<group>"; };
		14046F4D20BFEF11000615D4 /* Base */ = {isa = PBXFileReference; lastKnownFileType = file.storyboard; name = Base; path = Base.lproj/LaunchScreen.storyboard; sourceTree = "<group>"; };
		14046F4F20BFEF11000615D4 /* Info.plist */ = {isa = PBXFileReference; lastKnownFileType = text.plist.xml; path = Info.plist; sourceTree = "<group>"; };
		14046F5620BFEF11000615D4 /* BuDeJieTests.xctest */ = {isa = PBXFileReference; explicitFileType = wrapper.cfbundle; includeInIndex = 0; path = BuDeJieTests.xctest; sourceTree = BUILT_PRODUCTS_DIR; };
		14046F5A20BFEF11000615D4 /* BuDeJieTests.m */ = {isa = PBXFileReference; lastKnownFileType = sourcecode.c.objc; path = BuDeJieTests.m; sourceTree = "<group>"; };
		14046F5C20BFEF11000615D4 /* Info.plist */ = {isa = PBXFileReference; lastKnownFileType = text.plist.xml; path = Info.plist; sourceTree = "<group>"; };
		14046F6120BFEF11000615D4 /* BuDeJieUITests.xctest */ = {isa = PBXFileReference; explicitFileType = wrapper.cfbundle; includeInIndex = 0; path = BuDeJieUITests.xctest; sourceTree = BUILT_PRODUCTS_DIR; };
		14046F6520BFEF11000615D4 /* BuDeJieUITests.m */ = {isa = PBXFileReference; lastKnownFileType = sourcecode.c.objc; path = BuDeJieUITests.m; sourceTree = "<group>"; };
		14046F6720BFEF11000615D4 /* Info.plist */ = {isa = PBXFileReference; lastKnownFileType = text.plist.xml; path = Info.plist; sourceTree = "<group>"; };
		14046F8920C00501000615D4 /* AppDelegate.h */ = {isa = PBXFileReference; fileEncoding = 4; lastKnownFileType = sourcecode.c.h; path = AppDelegate.h; sourceTree = "<group>"; };
		14046F8A20C00501000615D4 /* main.m */ = {isa = PBXFileReference; fileEncoding = 4; lastKnownFileType = sourcecode.c.objc; path = main.m; sourceTree = "<group>"; };
		14046F8B20C00501000615D4 /* AppDelegate.m */ = {isa = PBXFileReference; fileEncoding = 4; lastKnownFileType = sourcecode.c.objc; path = AppDelegate.m; sourceTree = "<group>"; };
		14046F8E20C00958000615D4 /* EVAEssenceViewController.h */ = {isa = PBXFileReference; lastKnownFileType = sourcecode.c.h; path = EVAEssenceViewController.h; sourceTree = "<group>"; };
		14046F8F20C00958000615D4 /* EVAEssenceViewController.m */ = {isa = PBXFileReference; lastKnownFileType = sourcecode.c.objc; path = EVAEssenceViewController.m; sourceTree = "<group>"; };
		14046F9120C00965000615D4 /* EVANewViewController.h */ = {isa = PBXFileReference; lastKnownFileType = sourcecode.c.h; path = EVANewViewController.h; sourceTree = "<group>"; };
		14046F9220C00965000615D4 /* EVANewViewController.m */ = {isa = PBXFileReference; lastKnownFileType = sourcecode.c.objc; path = EVANewViewController.m; sourceTree = "<group>"; };
		14046F9420C00975000615D4 /* EVAFriendTrendViewController.h */ = {isa = PBXFileReference; lastKnownFileType = sourcecode.c.h; path = EVAFriendTrendViewController.h; sourceTree = "<group>"; };
		14046F9520C00975000615D4 /* EVAFriendTrendViewController.m */ = {isa = PBXFileReference; lastKnownFileType = sourcecode.c.objc; path = EVAFriendTrendViewController.m; sourceTree = "<group>"; };
		14046F9720C00985000615D4 /* EVAMeViewController.h */ = {isa = PBXFileReference; lastKnownFileType = sourcecode.c.h; path = EVAMeViewController.h; sourceTree = "<group>"; };
		14046F9820C00985000615D4 /* EVAMeViewController.m */ = {isa = PBXFileReference; lastKnownFileType = sourcecode.c.objc; path = EVAMeViewController.m; sourceTree = "<group>"; };
		14046F9A20C00998000615D4 /* EVAPublishViewController.h */ = {isa = PBXFileReference; lastKnownFileType = sourcecode.c.h; path = EVAPublishViewController.h; sourceTree = "<group>"; };
		14046F9B20C00998000615D4 /* EVAPublishViewController.m */ = {isa = PBXFileReference; lastKnownFileType = sourcecode.c.objc; path = EVAPublishViewController.m; sourceTree = "<group>"; };
		14046FA120C021A8000615D4 /* EVARootTabBarController.h */ = {isa = PBXFileReference; lastKnownFileType = sourcecode.c.h; path = EVARootTabBarController.h; sourceTree = "<group>"; };
		14046FA220C021A8000615D4 /* EVARootTabBarController.m */ = {isa = PBXFileReference; lastKnownFileType = sourcecode.c.objc; path = EVARootTabBarController.m; sourceTree = "<group>"; };
		147563A520C13D51002E72D6 /* EVARootTabBar.h */ = {isa = PBXFileReference; lastKnownFileType = sourcecode.c.h; path = EVARootTabBar.h; sourceTree = "<group>"; };
		147563A620C13D51002E72D6 /* EVARootTabBar.m */ = {isa = PBXFileReference; lastKnownFileType = sourcecode.c.objc; path = EVARootTabBar.m; sourceTree = "<group>"; };
		147563A820C14F9F002E72D6 /* BuDeJie_Prefix.pch */ = {isa = PBXFileReference; lastKnownFileType = sourcecode.c.h; path = BuDeJie_Prefix.pch; sourceTree = "<group>"; };
		14F6A07020C2375500CC4284 /* UIImage+EVA.h */ = {isa = PBXFileReference; fileEncoding = 4; lastKnownFileType = sourcecode.c.h; path = "UIImage+EVA.h"; sourceTree = "<group>"; };
		14F6A07120C2375500CC4284 /* UIView+EVA.m */ = {isa = PBXFileReference; fileEncoding = 4; lastKnownFileType = sourcecode.c.objc; path = "UIView+EVA.m"; sourceTree = "<group>"; };
		14F6A07220C2375500CC4284 /* UIImage+EVA.m */ = {isa = PBXFileReference; fileEncoding = 4; lastKnownFileType = sourcecode.c.objc; path = "UIImage+EVA.m"; sourceTree = "<group>"; };
		14F6A07320C2375500CC4284 /* UIView+EVA.h */ = {isa = PBXFileReference; fileEncoding = 4; lastKnownFileType = sourcecode.c.h; path = "UIView+EVA.h"; sourceTree = "<group>"; };
		14F6A07720C237D000CC4284 /* EVAGlobalVar.h */ = {isa = PBXFileReference; lastKnownFileType = sourcecode.c.h; path = EVAGlobalVar.h; sourceTree = "<group>"; };
		14F6A07820C237D000CC4284 /* EVAGlobalVar.m */ = {isa = PBXFileReference; lastKnownFileType = sourcecode.c.objc; path = EVAGlobalVar.m; sourceTree = "<group>"; };
		14F6A07D20C268AF00CC4284 /* UIBarButtonItem+EVA.h */ = {isa = PBXFileReference; lastKnownFileType = sourcecode.c.h; path = "UIBarButtonItem+EVA.h"; sourceTree = "<group>"; };
		14F6A07E20C268AF00CC4284 /* UIBarButtonItem+EVA.m */ = {isa = PBXFileReference; lastKnownFileType = sourcecode.c.objc; path = "UIBarButtonItem+EVA.m"; sourceTree = "<group>"; };
/* End PBXFileReference section */

/* Begin PBXFrameworksBuildPhase section */
		14046F3B20BFEF10000615D4 /* Frameworks */ = {
			isa = PBXFrameworksBuildPhase;
			buildActionMask = 2147483647;
			files = (
			);
			runOnlyForDeploymentPostprocessing = 0;
		};
		14046F5320BFEF11000615D4 /* Frameworks */ = {
			isa = PBXFrameworksBuildPhase;
			buildActionMask = 2147483647;
			files = (
			);
			runOnlyForDeploymentPostprocessing = 0;
		};
		14046F5E20BFEF11000615D4 /* Frameworks */ = {
			isa = PBXFrameworksBuildPhase;
			buildActionMask = 2147483647;
			files = (
			);
			runOnlyForDeploymentPostprocessing = 0;
		};
/* End PBXFrameworksBuildPhase section */

/* Begin PBXGroup section */
		14046F3520BFEF10000615D4 = {
			isa = PBXGroup;
			children = (
				14046F4020BFEF10000615D4 /* BuDeJie */,
				14046F5920BFEF11000615D4 /* BuDeJieTests */,
				14046F6420BFEF11000615D4 /* BuDeJieUITests */,
				14046F3F20BFEF10000615D4 /* Products */,
			);
			sourceTree = "<group>";
		};
		14046F3F20BFEF10000615D4 /* Products */ = {
			isa = PBXGroup;
			children = (
				14046F3E20BFEF10000615D4 /* BuDeJie.app */,
				14046F5620BFEF11000615D4 /* BuDeJieTests.xctest */,
				14046F6120BFEF11000615D4 /* BuDeJieUITests.xctest */,
			);
			name = Products;
			sourceTree = "<group>";
		};
		14046F4020BFEF10000615D4 /* BuDeJie */ = {
			isa = PBXGroup;
			children = (
				14F6A06F20C2375500CC4284 /* Category */,
				14F6A07420C2375500CC4284 /* Tool */,
				14046F8820C00501000615D4 /* Other */,
				14046F7320C00501000615D4 /* src */,
				14046F4A20BFEF11000615D4 /* Assets.xcassets */,
				14046F4C20BFEF11000615D4 /* LaunchScreen.storyboard */,
				14046F4F20BFEF11000615D4 /* Info.plist */,
			);
			path = BuDeJie;
			sourceTree = "<group>";
		};
		14046F5920BFEF11000615D4 /* BuDeJieTests */ = {
			isa = PBXGroup;
			children = (
				14046F5A20BFEF11000615D4 /* BuDeJieTests.m */,
				14046F5C20BFEF11000615D4 /* Info.plist */,
			);
			path = BuDeJieTests;
			sourceTree = "<group>";
		};
		14046F6420BFEF11000615D4 /* BuDeJieUITests */ = {
			isa = PBXGroup;
			children = (
				14046F6520BFEF11000615D4 /* BuDeJieUITests.m */,
				14046F6720BFEF11000615D4 /* Info.plist */,
			);
			path = BuDeJieUITests;
			sourceTree = "<group>";
		};
		14046F7320C00501000615D4 /* src */ = {
			isa = PBXGroup;
			children = (
				14046F9D20C02183000615D4 /* Root */,
				14046F7420C00501000615D4 /* Essence(精华) */,
				14046F7820C00501000615D4 /* New(新帖) */,
				14046F8420C00501000615D4 /* Publish(发布) */,
				14046F7C20C00501000615D4 /* FriendTrend(关注) */,
				14046F8020C00501000615D4 /* Me(我) */,
			);
			path = src;
			sourceTree = "<group>";
		};
		14046F7420C00501000615D4 /* Essence(精华) */ = {
			isa = PBXGroup;
			children = (
				14046F7520C00501000615D4 /* Controller */,
				14046F7620C00501000615D4 /* Model */,
				14046F7720C00501000615D4 /* View */,
			);
			path = "Essence(精华)";
			sourceTree = "<group>";
		};
		14046F7520C00501000615D4 /* Controller */ = {
			isa = PBXGroup;
			children = (
				14046F8E20C00958000615D4 /* EVAEssenceViewController.h */,
				14046F8F20C00958000615D4 /* EVAEssenceViewController.m */,
			);
			path = Controller;
			sourceTree = "<group>";
		};
		14046F7620C00501000615D4 /* Model */ = {
			isa = PBXGroup;
			children = (
			);
			path = Model;
			sourceTree = "<group>";
		};
		14046F7720C00501000615D4 /* View */ = {
			isa = PBXGroup;
			children = (
			);
			path = View;
			sourceTree = "<group>";
		};
		14046F7820C00501000615D4 /* New(新帖) */ = {
			isa = PBXGroup;
			children = (
				14046F7920C00501000615D4 /* Controller */,
				14046F7A20C00501000615D4 /* Model */,
				14046F7B20C00501000615D4 /* View */,
			);
			path = "New(新帖)";
			sourceTree = "<group>";
		};
		14046F7920C00501000615D4 /* Controller */ = {
			isa = PBXGroup;
			children = (
				14046F9120C00965000615D4 /* EVANewViewController.h */,
				14046F9220C00965000615D4 /* EVANewViewController.m */,
			);
			path = Controller;
			sourceTree = "<group>";
		};
		14046F7A20C00501000615D4 /* Model */ = {
			isa = PBXGroup;
			children = (
			);
			path = Model;
			sourceTree = "<group>";
		};
		14046F7B20C00501000615D4 /* View */ = {
			isa = PBXGroup;
			children = (
			);
			path = View;
			sourceTree = "<group>";
		};
		14046F7C20C00501000615D4 /* FriendTrend(关注) */ = {
			isa = PBXGroup;
			children = (
				14046F7D20C00501000615D4 /* Controller */,
				14046F7E20C00501000615D4 /* Model */,
				14046F7F20C00501000615D4 /* View */,
			);
			path = "FriendTrend(关注)";
			sourceTree = "<group>";
		};
		14046F7D20C00501000615D4 /* Controller */ = {
			isa = PBXGroup;
			children = (
				14046F9420C00975000615D4 /* EVAFriendTrendViewController.h */,
				14046F9520C00975000615D4 /* EVAFriendTrendViewController.m */,
			);
			path = Controller;
			sourceTree = "<group>";
		};
		14046F7E20C00501000615D4 /* Model */ = {
			isa = PBXGroup;
			children = (
			);
			path = Model;
			sourceTree = "<group>";
		};
		14046F7F20C00501000615D4 /* View */ = {
			isa = PBXGroup;
			children = (
			);
			path = View;
			sourceTree = "<group>";
		};
		14046F8020C00501000615D4 /* Me(我) */ = {
			isa = PBXGroup;
			children = (
				14046F8120C00501000615D4 /* Controller */,
				14046F8220C00501000615D4 /* Model */,
				14046F8320C00501000615D4 /* View */,
			);
			path = "Me(我)";
			sourceTree = "<group>";
		};
		14046F8120C00501000615D4 /* Controller */ = {
			isa = PBXGroup;
			children = (
				14046F9720C00985000615D4 /* EVAMeViewController.h */,
				14046F9820C00985000615D4 /* EVAMeViewController.m */,
			);
			path = Controller;
			sourceTree = "<group>";
		};
		14046F8220C00501000615D4 /* Model */ = {
			isa = PBXGroup;
			children = (
			);
			path = Model;
			sourceTree = "<group>";
		};
		14046F8320C00501000615D4 /* View */ = {
			isa = PBXGroup;
			children = (
			);
			path = View;
			sourceTree = "<group>";
		};
		14046F8420C00501000615D4 /* Publish(发布) */ = {
			isa = PBXGroup;
			children = (
				14046F8520C00501000615D4 /* Controller */,
				14046F8620C00501000615D4 /* Model */,
				14046F8720C00501000615D4 /* View */,
			);
			path = "Publish(发布)";
			sourceTree = "<group>";
		};
		14046F8520C00501000615D4 /* Controller */ = {
			isa = PBXGroup;
			children = (
				14046F9A20C00998000615D4 /* EVAPublishViewController.h */,
				14046F9B20C00998000615D4 /* EVAPublishViewController.m */,
			);
			path = Controller;
			sourceTree = "<group>";
		};
		14046F8620C00501000615D4 /* Model */ = {
			isa = PBXGroup;
			children = (
			);
			path = Model;
			sourceTree = "<group>";
		};
		14046F8720C00501000615D4 /* View */ = {
			isa = PBXGroup;
			children = (
			);
			path = View;
			sourceTree = "<group>";
		};
		14046F8820C00501000615D4 /* Other */ = {
			isa = PBXGroup;
			children = (
				14046F8920C00501000615D4 /* AppDelegate.h */,
				14046F8B20C00501000615D4 /* AppDelegate.m */,
				14046F8A20C00501000615D4 /* main.m */,
				147563A820C14F9F002E72D6 /* BuDeJie_Prefix.pch */,
			);
			path = Other;
			sourceTree = "<group>";
		};
		14046F9D20C02183000615D4 /* Root */ = {
			isa = PBXGroup;
			children = (
				14046F9E20C02183000615D4 /* Controller */,
				14046F9F20C02183000615D4 /* Model */,
				14046FA020C02183000615D4 /* View */,
			);
			path = Root;
			sourceTree = "<group>";
		};
		14046F9E20C02183000615D4 /* Controller */ = {
			isa = PBXGroup;
			children = (
				14046FA120C021A8000615D4 /* EVARootTabBarController.h */,
				14046FA220C021A8000615D4 /* EVARootTabBarController.m */,
			);
			path = Controller;
			sourceTree = "<group>";
		};
		14046F9F20C02183000615D4 /* Model */ = {
			isa = PBXGroup;
			children = (
			);
			path = Model;
			sourceTree = "<group>";
		};
		14046FA020C02183000615D4 /* View */ = {
			isa = PBXGroup;
			children = (
				147563A520C13D51002E72D6 /* EVARootTabBar.h */,
				147563A620C13D51002E72D6 /* EVARootTabBar.m */,
			);
			path = View;
			sourceTree = "<group>";
		};
		14F6A06F20C2375500CC4284 /* Category */ = {
			isa = PBXGroup;
			children = (
				14F6A07020C2375500CC4284 /* UIImage+EVA.h */,
				14F6A07220C2375500CC4284 /* UIImage+EVA.m */,
				14F6A07320C2375500CC4284 /* UIView+EVA.h */,
				14F6A07120C2375500CC4284 /* UIView+EVA.m */,
				14F6A07D20C268AF00CC4284 /* UIBarButtonItem+EVA.h */,
				14F6A07E20C268AF00CC4284 /* UIBarButtonItem+EVA.m */,
			);
			path = Category;
			sourceTree = "<group>";
		};
		14F6A07420C2375500CC4284 /* Tool */ = {
			isa = PBXGroup;
			children = (
				14F6A07720C237D000CC4284 /* EVAGlobalVar.h */,
				14F6A07820C237D000CC4284 /* EVAGlobalVar.m */,
			);
			path = Tool;
			sourceTree = "<group>";
		};
/* End PBXGroup section */

/* Begin PBXNativeTarget section */
		14046F3D20BFEF10000615D4 /* BuDeJie */ = {
			isa = PBXNativeTarget;
			buildConfigurationList = 14046F6A20BFEF11000615D4 /* Build configuration list for PBXNativeTarget "BuDeJie" */;
			buildPhases = (
				14046F3A20BFEF10000615D4 /* Sources */,
				14046F3B20BFEF10000615D4 /* Frameworks */,
				14046F3C20BFEF10000615D4 /* Resources */,
			);
			buildRules = (
			);
			dependencies = (
			);
			name = BuDeJie;
			productName = BuDeJie;
			productReference = 14046F3E20BFEF10000615D4 /* BuDeJie.app */;
			productType = "com.apple.product-type.application";
		};
		14046F5520BFEF11000615D4 /* BuDeJieTests */ = {
			isa = PBXNativeTarget;
			buildConfigurationList = 14046F6D20BFEF11000615D4 /* Build configuration list for PBXNativeTarget "BuDeJieTests" */;
			buildPhases = (
				14046F5220BFEF11000615D4 /* Sources */,
				14046F5320BFEF11000615D4 /* Frameworks */,
				14046F5420BFEF11000615D4 /* Resources */,
			);
			buildRules = (
			);
			dependencies = (
				14046F5820BFEF11000615D4 /* PBXTargetDependency */,
			);
			name = BuDeJieTests;
			productName = BuDeJieTests;
			productReference = 14046F5620BFEF11000615D4 /* BuDeJieTests.xctest */;
			productType = "com.apple.product-type.bundle.unit-test";
		};
		14046F6020BFEF11000615D4 /* BuDeJieUITests */ = {
			isa = PBXNativeTarget;
			buildConfigurationList = 14046F7020BFEF11000615D4 /* Build configuration list for PBXNativeTarget "BuDeJieUITests" */;
			buildPhases = (
				14046F5D20BFEF11000615D4 /* Sources */,
				14046F5E20BFEF11000615D4 /* Frameworks */,
				14046F5F20BFEF11000615D4 /* Resources */,
			);
			buildRules = (
			);
			dependencies = (
				14046F6320BFEF11000615D4 /* PBXTargetDependency */,
			);
			name = BuDeJieUITests;
			productName = BuDeJieUITests;
			productReference = 14046F6120BFEF11000615D4 /* BuDeJieUITests.xctest */;
			productType = "com.apple.product-type.bundle.ui-testing";
		};
/* End PBXNativeTarget section */

/* Begin PBXProject section */
		14046F3620BFEF10000615D4 /* Project object */ = {
			isa = PBXProject;
			attributes = {
				CLASSPREFIX = EVA;
				LastUpgradeCheck = 0930;
				ORGANIZATIONNAME = "李元华";
				TargetAttributes = {
					14046F3D20BFEF10000615D4 = {
						CreatedOnToolsVersion = 9.3;
					};
					14046F5520BFEF11000615D4 = {
						CreatedOnToolsVersion = 9.3;
						TestTargetID = 14046F3D20BFEF10000615D4;
					};
					14046F6020BFEF11000615D4 = {
						CreatedOnToolsVersion = 9.3;
						TestTargetID = 14046F3D20BFEF10000615D4;
					};
				};
			};
			buildConfigurationList = 14046F3920BFEF10000615D4 /* Build configuration list for PBXProject "BuDeJie" */;
			compatibilityVersion = "Xcode 9.3";
			developmentRegion = en;
			hasScannedForEncodings = 0;
			knownRegions = (
				en,
				Base,
			);
			mainGroup = 14046F3520BFEF10000615D4;
			productRefGroup = 14046F3F20BFEF10000615D4 /* Products */;
			projectDirPath = "";
			projectRoot = "";
			targets = (
				14046F3D20BFEF10000615D4 /* BuDeJie */,
				14046F5520BFEF11000615D4 /* BuDeJieTests */,
				14046F6020BFEF11000615D4 /* BuDeJieUITests */,
			);
		};
/* End PBXProject section */

/* Begin PBXResourcesBuildPhase section */
		14046F3C20BFEF10000615D4 /* Resources */ = {
			isa = PBXResourcesBuildPhase;
			buildActionMask = 2147483647;
			files = (
				14046F4E20BFEF11000615D4 /* LaunchScreen.storyboard in Resources */,
				14046F4B20BFEF11000615D4 /* Assets.xcassets in Resources */,
			);
			runOnlyForDeploymentPostprocessing = 0;
		};
		14046F5420BFEF11000615D4 /* Resources */ = {
			isa = PBXResourcesBuildPhase;
			buildActionMask = 2147483647;
			files = (
			);
			runOnlyForDeploymentPostprocessing = 0;
		};
		14046F5F20BFEF11000615D4 /* Resources */ = {
			isa = PBXResourcesBuildPhase;
			buildActionMask = 2147483647;
			files = (
			);
			runOnlyForDeploymentPostprocessing = 0;
		};
/* End PBXResourcesBuildPhase section */

/* Begin PBXSourcesBuildPhase section */
		14046F3A20BFEF10000615D4 /* Sources */ = {
			isa = PBXSourcesBuildPhase;
			buildActionMask = 2147483647;
			files = (
				14046F9C20C00998000615D4 /* EVAPublishViewController.m in Sources */,
				14046F9620C00975000615D4 /* EVAFriendTrendViewController.m in Sources */,
				14046F9020C00958000615D4 /* EVAEssenceViewController.m in Sources */,
				14F6A07F20C268AF00CC4284 /* UIBarButtonItem+EVA.m in Sources */,
				14F6A07920C237D000CC4284 /* EVAGlobalVar.m in Sources */,
				14046FA320C021A8000615D4 /* EVARootTabBarController.m in Sources */,
				14F6A07620C2375500CC4284 /* UIImage+EVA.m in Sources */,
				14046F9320C00965000615D4 /* EVANewViewController.m in Sources */,
				14046F9920C00985000615D4 /* EVAMeViewController.m in Sources */,
				147563A720C13D51002E72D6 /* EVARootTabBar.m in Sources */,
				14046F8D20C00501000615D4 /* AppDelegate.m in Sources */,
				14046F8C20C00501000615D4 /* main.m in Sources */,
				14F6A07520C2375500CC4284 /* UIView+EVA.m in Sources */,
			);
			runOnlyForDeploymentPostprocessing = 0;
		};
		14046F5220BFEF11000615D4 /* Sources */ = {
			isa = PBXSourcesBuildPhase;
			buildActionMask = 2147483647;
			files = (
				14046F5B20BFEF11000615D4 /* BuDeJieTests.m in Sources */,
			);
			runOnlyForDeploymentPostprocessing = 0;
		};
		14046F5D20BFEF11000615D4 /* Sources */ = {
			isa = PBXSourcesBuildPhase;
			buildActionMask = 2147483647;
			files = (
				14046F6620BFEF11000615D4 /* BuDeJieUITests.m in Sources */,
			);
			runOnlyForDeploymentPostprocessing = 0;
		};
/* End PBXSourcesBuildPhase section */

/* Begin PBXTargetDependency section */
		14046F5820BFEF11000615D4 /* PBXTargetDependency */ = {
			isa = PBXTargetDependency;
			target = 14046F3D20BFEF10000615D4 /* BuDeJie */;
			targetProxy = 14046F5720BFEF11000615D4 /* PBXContainerItemProxy */;
		};
		14046F6320BFEF11000615D4 /* PBXTargetDependency */ = {
			isa = PBXTargetDependency;
			target = 14046F3D20BFEF10000615D4 /* BuDeJie */;
			targetProxy = 14046F6220BFEF11000615D4 /* PBXContainerItemProxy */;
		};
/* End PBXTargetDependency section */

/* Begin PBXVariantGroup section */
		14046F4C20BFEF11000615D4 /* LaunchScreen.storyboard */ = {
			isa = PBXVariantGroup;
			children = (
				14046F4D20BFEF11000615D4 /* Base */,
			);
			name = LaunchScreen.storyboard;
			sourceTree = "<group>";
		};
/* End PBXVariantGroup section */

/* Begin XCBuildConfiguration section */
		14046F6820BFEF11000615D4 /* Debug */ = {
			isa = XCBuildConfiguration;
			buildSettings = {
				ALWAYS_SEARCH_USER_PATHS = NO;
				CLANG_ANALYZER_NONNULL = YES;
				CLANG_ANALYZER_NUMBER_OBJECT_CONVERSION = YES_AGGRESSIVE;
				CLANG_CXX_LANGUAGE_STANDARD = "gnu++14";
				CLANG_CXX_LIBRARY = "libc++";
				CLANG_ENABLE_MODULES = YES;
				CLANG_ENABLE_OBJC_ARC = YES;
				CLANG_ENABLE_OBJC_WEAK = YES;
				CLANG_WARN_BLOCK_CAPTURE_AUTORELEASING = YES;
				CLANG_WARN_BOOL_CONVERSION = YES;
				CLANG_WARN_COMMA = YES;
				CLANG_WARN_CONSTANT_CONVERSION = YES;
				CLANG_WARN_DEPRECATED_OBJC_IMPLEMENTATIONS = YES;
				CLANG_WARN_DIRECT_OBJC_ISA_USAGE = YES_ERROR;
				CLANG_WARN_DOCUMENTATION_COMMENTS = YES;
				CLANG_WARN_EMPTY_BODY = YES;
				CLANG_WARN_ENUM_CONVERSION = YES;
				CLANG_WARN_INFINITE_RECURSION = YES;
				CLANG_WARN_INT_CONVERSION = YES;
				CLANG_WARN_NON_LITERAL_NULL_CONVERSION = YES;
				CLANG_WARN_OBJC_IMPLICIT_RETAIN_SELF = YES;
				CLANG_WARN_OBJC_LITERAL_CONVERSION = YES;
				CLANG_WARN_OBJC_ROOT_CLASS = YES_ERROR;
				CLANG_WARN_RANGE_LOOP_ANALYSIS = YES;
				CLANG_WARN_STRICT_PROTOTYPES = YES;
				CLANG_WARN_SUSPICIOUS_MOVE = YES;
				CLANG_WARN_UNGUARDED_AVAILABILITY = YES_AGGRESSIVE;
				CLANG_WARN_UNREACHABLE_CODE = YES;
				CLANG_WARN__DUPLICATE_METHOD_MATCH = YES;
				CODE_SIGN_IDENTITY = "iPhone Developer";
				COPY_PHASE_STRIP = NO;
				DEBUG_INFORMATION_FORMAT = dwarf;
				ENABLE_STRICT_OBJC_MSGSEND = YES;
				ENABLE_TESTABILITY = YES;
				GCC_C_LANGUAGE_STANDARD = gnu11;
				GCC_DYNAMIC_NO_PIC = NO;
				GCC_NO_COMMON_BLOCKS = YES;
				GCC_OPTIMIZATION_LEVEL = 0;
				GCC_PREPROCESSOR_DEFINITIONS = (
					"DEBUG=1",
					"$(inherited)",
				);
				GCC_WARN_64_TO_32_BIT_CONVERSION = YES;
				GCC_WARN_ABOUT_RETURN_TYPE = YES_ERROR;
				GCC_WARN_UNDECLARED_SELECTOR = YES;
				GCC_WARN_UNINITIALIZED_AUTOS = YES_AGGRESSIVE;
				GCC_WARN_UNUSED_FUNCTION = YES;
				GCC_WARN_UNUSED_VARIABLE = YES;
				IPHONEOS_DEPLOYMENT_TARGET = 11.3;
				MTL_ENABLE_DEBUG_INFO = YES;
				ONLY_ACTIVE_ARCH = YES;
				SDKROOT = iphoneos;
			};
			name = Debug;
		};
		14046F6920BFEF11000615D4 /* Release */ = {
			isa = XCBuildConfiguration;
			buildSettings = {
				ALWAYS_SEARCH_USER_PATHS = NO;
				CLANG_ANALYZER_NONNULL = YES;
				CLANG_ANALYZER_NUMBER_OBJECT_CONVERSION = YES_AGGRESSIVE;
				CLANG_CXX_LANGUAGE_STANDARD = "gnu++14";
				CLANG_CXX_LIBRARY = "libc++";
				CLANG_ENABLE_MODULES = YES;
				CLANG_ENABLE_OBJC_ARC = YES;
				CLANG_ENABLE_OBJC_WEAK = YES;
				CLANG_WARN_BLOCK_CAPTURE_AUTORELEASING = YES;
				CLANG_WARN_BOOL_CONVERSION = YES;
				CLANG_WARN_COMMA = YES;
				CLANG_WARN_CONSTANT_CONVERSION = YES;
				CLANG_WARN_DEPRECATED_OBJC_IMPLEMENTATIONS = YES;
				CLANG_WARN_DIRECT_OBJC_ISA_USAGE = YES_ERROR;
				CLANG_WARN_DOCUMENTATION_COMMENTS = YES;
				CLANG_WARN_EMPTY_BODY = YES;
				CLANG_WARN_ENUM_CONVERSION = YES;
				CLANG_WARN_INFINITE_RECURSION = YES;
				CLANG_WARN_INT_CONVERSION = YES;
				CLANG_WARN_NON_LITERAL_NULL_CONVERSION = YES;
				CLANG_WARN_OBJC_IMPLICIT_RETAIN_SELF = YES;
				CLANG_WARN_OBJC_LITERAL_CONVERSION = YES;
				CLANG_WARN_OBJC_ROOT_CLASS = YES_ERROR;
				CLANG_WARN_RANGE_LOOP_ANALYSIS = YES;
				CLANG_WARN_STRICT_PROTOTYPES = YES;
				CLANG_WARN_SUSPICIOUS_MOVE = YES;
				CLANG_WARN_UNGUARDED_AVAILABILITY = YES_AGGRESSIVE;
				CLANG_WARN_UNREACHABLE_CODE = YES;
				CLANG_WARN__DUPLICATE_METHOD_MATCH = YES;
				CODE_SIGN_IDENTITY = "iPhone Developer";
				COPY_PHASE_STRIP = NO;
				DEBUG_INFORMATION_FORMAT = "dwarf-with-dsym";
				ENABLE_NS_ASSERTIONS = NO;
				ENABLE_STRICT_OBJC_MSGSEND = YES;
				GCC_C_LANGUAGE_STANDARD = gnu11;
				GCC_NO_COMMON_BLOCKS = YES;
				GCC_WARN_64_TO_32_BIT_CONVERSION = YES;
				GCC_WARN_ABOUT_RETURN_TYPE = YES_ERROR;
				GCC_WARN_UNDECLARED_SELECTOR = YES;
				GCC_WARN_UNINITIALIZED_AUTOS = YES_AGGRESSIVE;
				GCC_WARN_UNUSED_FUNCTION = YES;
				GCC_WARN_UNUSED_VARIABLE = YES;
				IPHONEOS_DEPLOYMENT_TARGET = 11.3;
				MTL_ENABLE_DEBUG_INFO = NO;
				SDKROOT = iphoneos;
				VALIDATE_PRODUCT = YES;
			};
			name = Release;
		};
		14046F6B20BFEF11000615D4 /* Debug */ = {
			isa = XCBuildConfiguration;
			buildSettings = {
				ASSETCATALOG_COMPILER_APPICON_NAME = AppIcon;
				CODE_SIGN_STYLE = Automatic;
				DEVELOPMENT_TEAM = 54QJF9L7X8;
				GCC_PREFIX_HEADER = BuDeJie/Other/BuDeJie_Prefix.pch;
				INFOPLIST_FILE = BuDeJie/Info.plist;
				IPHONEOS_DEPLOYMENT_TARGET = 11.3;
				LD_RUNPATH_SEARCH_PATHS = (
					"$(inherited)",
					"@executable_path/Frameworks",
				);
				PRODUCT_BUNDLE_IDENTIFIER = i8023eva.BuDeJie;
				PRODUCT_NAME = "$(TARGET_NAME)";
				TARGETED_DEVICE_FAMILY = 1;
			};
			name = Debug;
		};
		14046F6C20BFEF11000615D4 /* Release */ = {
			isa = XCBuildConfiguration;
			buildSettings = {
				ASSETCATALOG_COMPILER_APPICON_NAME = AppIcon;
				CODE_SIGN_STYLE = Automatic;
				DEVELOPMENT_TEAM = 54QJF9L7X8;
				GCC_PREFIX_HEADER = BuDeJie/Other/BuDeJie_Prefix.pch;
				INFOPLIST_FILE = BuDeJie/Info.plist;
				IPHONEOS_DEPLOYMENT_TARGET = 11.3;
				LD_RUNPATH_SEARCH_PATHS = (
					"$(inherited)",
					"@executable_path/Frameworks",
				);
				PRODUCT_BUNDLE_IDENTIFIER = i8023eva.BuDeJie;
				PRODUCT_NAME = "$(TARGET_NAME)";
				TARGETED_DEVICE_FAMILY = 1;
			};
			name = Release;
		};
		14046F6E20BFEF11000615D4 /* Debug */ = {
			isa = XCBuildConfiguration;
			buildSettings = {
				BUNDLE_LOADER = "$(TEST_HOST)";
				CODE_SIGN_STYLE = Automatic;
				DEVELOPMENT_TEAM = 54QJF9L7X8;
				INFOPLIST_FILE = BuDeJieTests/Info.plist;
				LD_RUNPATH_SEARCH_PATHS = (
					"$(inherited)",
					"@executable_path/Frameworks",
					"@loader_path/Frameworks",
				);
				PRODUCT_BUNDLE_IDENTIFIER = i8023eva.BuDeJieTests;
				PRODUCT_NAME = "$(TARGET_NAME)";
				TARGETED_DEVICE_FAMILY = "1,2";
				TEST_HOST = "$(BUILT_PRODUCTS_DIR)/BuDeJie.app/BuDeJie";
			};
			name = Debug;
		};
		14046F6F20BFEF11000615D4 /* Release */ = {
			isa = XCBuildConfiguration;
			buildSettings = {
				BUNDLE_LOADER = "$(TEST_HOST)";
				CODE_SIGN_STYLE = Automatic;
				DEVELOPMENT_TEAM = 54QJF9L7X8;
				INFOPLIST_FILE = BuDeJieTests/Info.plist;
				LD_RUNPATH_SEARCH_PATHS = (
					"$(inherited)",
					"@executable_path/Frameworks",
					"@loader_path/Frameworks",
				);
				PRODUCT_BUNDLE_IDENTIFIER = i8023eva.BuDeJieTests;
				PRODUCT_NAME = "$(TARGET_NAME)";
				TARGETED_DEVICE_FAMILY = "1,2";
				TEST_HOST = "$(BUILT_PRODUCTS_DIR)/BuDeJie.app/BuDeJie";
			};
			name = Release;
		};
		14046F7120BFEF11000615D4 /* Debug */ = {
			isa = XCBuildConfiguration;
			buildSettings = {
				CODE_SIGN_STYLE = Automatic;
				DEVELOPMENT_TEAM = 54QJF9L7X8;
				INFOPLIST_FILE = BuDeJieUITests/Info.plist;
				LD_RUNPATH_SEARCH_PATHS = (
					"$(inherited)",
					"@executable_path/Frameworks",
					"@loader_path/Frameworks",
				);
				PRODUCT_BUNDLE_IDENTIFIER = i8023eva.BuDeJieUITests;
				PRODUCT_NAME = "$(TARGET_NAME)";
				TARGETED_DEVICE_FAMILY = "1,2";
				TEST_TARGET_NAME = BuDeJie;
			};
			name = Debug;
		};
		14046F7220BFEF11000615D4 /* Release */ = {
			isa = XCBuildConfiguration;
			buildSettings = {
				CODE_SIGN_STYLE = Automatic;
				DEVELOPMENT_TEAM = 54QJF9L7X8;
				INFOPLIST_FILE = BuDeJieUITests/Info.plist;
				LD_RUNPATH_SEARCH_PATHS = (
					"$(inherited)",
					"@executable_path/Frameworks",
					"@loader_path/Frameworks",
				);
				PRODUCT_BUNDLE_IDENTIFIER = i8023eva.BuDeJieUITests;
				PRODUCT_NAME = "$(TARGET_NAME)";
				TARGETED_DEVICE_FAMILY = "1,2";
				TEST_TARGET_NAME = BuDeJie;
			};
			name = Release;
		};
/* End XCBuildConfiguration section */

/* Begin XCConfigurationList section */
		14046F3920BFEF10000615D4 /* Build configuration list for PBXProject "BuDeJie" */ = {
			isa = XCConfigurationList;
			buildConfigurations = (
				14046F6820BFEF11000615D4 /* Debug */,
				14046F6920BFEF11000615D4 /* Release */,
			);
			defaultConfigurationIsVisible = 0;
			defaultConfigurationName = Release;
		};
		14046F6A20BFEF11000615D4 /* Build configuration list for PBXNativeTarget "BuDeJie" */ = {
			isa = XCConfigurationList;
			buildConfigurations = (
				14046F6B20BFEF11000615D4 /* Debug */,
				14046F6C20BFEF11000615D4 /* Release */,
			);
			defaultConfigurationIsVisible = 0;
			defaultConfigurationName = Release;
		};
		14046F6D20BFEF11000615D4 /* Build configuration list for PBXNativeTarget "BuDeJieTests" */ = {
			isa = XCConfigurationList;
			buildConfigurations = (
				14046F6E20BFEF11000615D4 /* Debug */,
				14046F6F20BFEF11000615D4 /* Release */,
			);
			defaultConfigurationIsVisible = 0;
			defaultConfigurationName = Release;
		};
		14046F7020BFEF11000615D4 /* Build configuration list for PBXNativeTarget "BuDeJieUITests" */ = {
			isa = XCConfigurationList;
			buildConfigurations = (
				14046F7120BFEF11000615D4 /* Debug */,
				14046F7220BFEF11000615D4 /* Release */,
			);
			defaultConfigurationIsVisible = 0;
			defaultConfigurationName = Release;
		};
/* End XCConfigurationList section */
	};
	rootObject = 14046F3620BFEF10000615D4 /* Project object */;
}
